
Microsoft Visual Studio Solution File, Format Version 12.00
# Visual Studio Version 17
VisualStudioVersion = 17.4.33213.308
MinimumVisualStudioVersion = 10.0.40219.1
Project("{FAE04EC0-301F-11D3-BF4B-00C04F79EFBC}") = "Harmonic Number", "Harmonic Number\Harmonic Number.csproj", "{93539B74-53DE-4209-B929-CC53BC58F57F}"
EndProject
Global
	GlobalSection(SolutionConfigurationPlatforms) = preSolution
		Debug|Any CPU = Debug|Any CPU
		Release|Any CPU = Release|Any CPU
	EndGlobalSection
	GlobalSection(ProjectConfigurationPlatforms) = postSolution
		{93539B74-53DE-4209-B929-CC53BC58F57F}.Debug|Any CPU.ActiveCfg = Debug|Any CPU
		{93539B74-53DE-4209-B929-CC53BC58F57F}.Debug|Any CPU.Build.0 = Debug|Any CPU
		{93539B74-53DE-4209-B929-CC53BC58F57F}.Release|Any CPU.ActiveCfg = Release|Any CPU
		{93539B74-53DE-4209-B929-CC53BC58F57F}.Release|Any CPU.Build.0 = Release|Any CPU
	EndGlobalSection
	GlobalSection(SolutionProperties) = preSolution
		HideSolutionNode = FALSE
	EndGlobalSection
	GlobalSection(ExtensibilityGlobals) = postSolution
		SolutionGuid = {C23F7E05-D5B5-4C7F-80CA-D0A224037BB6}
	EndGlobalSection
EndGlobal
